// !$*UTF8*$!
{
	archiveVersion = 1;
	classes = {
	};
	objectVersion = 50;
	objects = {

/* Begin PBXBuildFile section */
		641945F9251C0E360084115F /* AppDelegate.swift in Sources */ = {isa = PBXBuildFile; fileRef = 641945F8251C0E360084115F /* AppDelegate.swift */; };
		641945FB251C0E360084115F /* SceneDelegate.swift in Sources */ = {isa = PBXBuildFile; fileRef = 641945FA251C0E360084115F /* SceneDelegate.swift */; };
		641945FD251C0E360084115F /* FeedViewController.swift in Sources */ = {isa = PBXBuildFile; fileRef = 641945FC251C0E360084115F /* FeedViewController.swift */; };
		64194602251C0E370084115F /* Assets.xcassets in Resources */ = {isa = PBXBuildFile; fileRef = 64194601251C0E370084115F /* Assets.xcassets */; };
		64194605251C0E370084115F /* LaunchScreen.storyboard in Resources */ = {isa = PBXBuildFile; fileRef = 64194603251C0E370084115F /* LaunchScreen.storyboard */; };
		64194610251C0E370084115F /* TwitterTests.swift in Sources */ = {isa = PBXBuildFile; fileRef = 6419460F251C0E370084115F /* TwitterTests.swift */; };
		6419461B251C0E370084115F /* TwitterUITests.swift in Sources */ = {isa = PBXBuildFile; fileRef = 6419461A251C0E370084115F /* TwitterUITests.swift */; };
		6419462F251C10F90084115F /* TweetCell.swift in Sources */ = {isa = PBXBuildFile; fileRef = 6419462E251C10F90084115F /* TweetCell.swift */; };
		64194634251C13A50084115F /* RoundImageView.swift in Sources */ = {isa = PBXBuildFile; fileRef = 64194633251C13A50084115F /* RoundImageView.swift */; };
		64194639251C14B80084115F /* RootViewController.swift in Sources */ = {isa = PBXBuildFile; fileRef = 64194638251C14B80084115F /* RootViewController.swift */; };
		64194644251C164D0084115F /* ProfileViewController.swift in Sources */ = {isa = PBXBuildFile; fileRef = 64194643251C164D0084115F /* ProfileViewController.swift */; };
		64BD45EF251C181800DF02DF /* UIView+Autolayout.swift in Sources */ = {isa = PBXBuildFile; fileRef = 64BD45EB251C181800DF02DF /* UIView+Autolayout.swift */; };
		64BD45F0251C181800DF02DF /* NSLayoutAnchor+Autolayout.swift in Sources */ = {isa = PBXBuildFile; fileRef = 64BD45EC251C181800DF02DF /* NSLayoutAnchor+Autolayout.swift */; };
		64BD45F1251C181800DF02DF /* NSLayoutDimension+Autolayout.swift in Sources */ = {isa = PBXBuildFile; fileRef = 64BD45ED251C181800DF02DF /* NSLayoutDimension+Autolayout.swift */; };
		64BD45F2251C181800DF02DF /* NSLayoutConstraint+Autolayout.swift in Sources */ = {isa = PBXBuildFile; fileRef = 64BD45EE251C181800DF02DF /* NSLayoutConstraint+Autolayout.swift */; };
		64BD45FF251C1A5400DF02DF /* Tweet.swift in Sources */ = {isa = PBXBuildFile; fileRef = 64BD45FE251C1A5400DF02DF /* Tweet.swift */; };
		64BD4604251C1A9A00DF02DF /* User.swift in Sources */ = {isa = PBXBuildFile; fileRef = 64BD4603251C1A9A00DF02DF /* User.swift */; };
		64BD4609251C1B2500DF02DF /* ModelLoader.swift in Sources */ = {isa = PBXBuildFile; fileRef = 64BD4608251C1B2500DF02DF /* ModelLoader.swift */; };
		64BD4614251C214800DF02DF /* ImageLoader.swift in Sources */ = {isa = PBXBuildFile; fileRef = 64BD4613251C214800DF02DF /* ImageLoader.swift */; };
/* End PBXBuildFile section */

/* Begin PBXContainerItemProxy section */
		6419460C251C0E370084115F /* PBXContainerItemProxy */ = {
			isa = PBXContainerItemProxy;
			containerPortal = 641945ED251C0E360084115F /* Project object */;
			proxyType = 1;
			remoteGlobalIDString = 641945F4251C0E360084115F;
			remoteInfo = Twitter;
		};
		64194617251C0E370084115F /* PBXContainerItemProxy */ = {
			isa = PBXContainerItemProxy;
			containerPortal = 641945ED251C0E360084115F /* Project object */;
			proxyType = 1;
			remoteGlobalIDString = 641945F4251C0E360084115F;
			remoteInfo = Twitter;
		};
/* End PBXContainerItemProxy section */

/* Begin PBXFileReference section */
		641945F5251C0E360084115F /* Twitter.app */ = {isa = PBXFileReference; explicitFileType = wrapper.application; includeInIndex = 0; path = Twitter.app; sourceTree = BUILT_PRODUCTS_DIR; };
		641945F8251C0E360084115F /* AppDelegate.swift */ = {isa = PBXFileReference; lastKnownFileType = sourcecode.swift; path = AppDelegate.swift; sourceTree = "<group>"; };
		641945FA251C0E360084115F /* SceneDelegate.swift */ = {isa = PBXFileReference; lastKnownFileType = sourcecode.swift; path = SceneDelegate.swift; sourceTree = "<group>"; };
		641945FC251C0E360084115F /* FeedViewController.swift */ = {isa = PBXFileReference; lastKnownFileType = sourcecode.swift; path = FeedViewController.swift; sourceTree = "<group>"; };
		64194601251C0E370084115F /* Assets.xcassets */ = {isa = PBXFileReference; lastKnownFileType = folder.assetcatalog; path = Assets.xcassets; sourceTree = "<group>"; };
		64194604251C0E370084115F /* Base */ = {isa = PBXFileReference; lastKnownFileType = file.storyboard; name = Base; path = Base.lproj/LaunchScreen.storyboard; sourceTree = "<group>"; };
		64194606251C0E370084115F /* Info.plist */ = {isa = PBXFileReference; lastKnownFileType = text.plist.xml; path = Info.plist; sourceTree = "<group>"; };
		6419460B251C0E370084115F /* TwitterTests.xctest */ = {isa = PBXFileReference; explicitFileType = wrapper.cfbundle; includeInIndex = 0; path = TwitterTests.xctest; sourceTree = BUILT_PRODUCTS_DIR; };
		6419460F251C0E370084115F /* TwitterTests.swift */ = {isa = PBXFileReference; lastKnownFileType = sourcecode.swift; path = TwitterTests.swift; sourceTree = "<group>"; };
		64194611251C0E370084115F /* Info.plist */ = {isa = PBXFileReference; lastKnownFileType = text.plist.xml; path = Info.plist; sourceTree = "<group>"; };
		64194616251C0E370084115F /* TwitterUITests.xctest */ = {isa = PBXFileReference; explicitFileType = wrapper.cfbundle; includeInIndex = 0; path = TwitterUITests.xctest; sourceTree = BUILT_PRODUCTS_DIR; };
		6419461A251C0E370084115F /* TwitterUITests.swift */ = {isa = PBXFileReference; lastKnownFileType = sourcecode.swift; path = TwitterUITests.swift; sourceTree = "<group>"; };
		6419461C251C0E370084115F /* Info.plist */ = {isa = PBXFileReference; lastKnownFileType = text.plist.xml; path = Info.plist; sourceTree = "<group>"; };
		6419462E251C10F90084115F /* TweetCell.swift */ = {isa = PBXFileReference; lastKnownFileType = sourcecode.swift; path = TweetCell.swift; sourceTree = "<group>"; };
		64194633251C13A50084115F /* RoundImageView.swift */ = {isa = PBXFileReference; lastKnownFileType = sourcecode.swift; path = RoundImageView.swift; sourceTree = "<group>"; };
		64194638251C14B80084115F /* RootViewController.swift */ = {isa = PBXFileReference; lastKnownFileType = sourcecode.swift; path = RootViewController.swift; sourceTree = "<group>"; };
		64194643251C164D0084115F /* ProfileViewController.swift */ = {isa = PBXFileReference; lastKnownFileType = sourcecode.swift; path = ProfileViewController.swift; sourceTree = "<group>"; };
		64BD45EB251C181800DF02DF /* UIView+Autolayout.swift */ = {isa = PBXFileReference; lastKnownFileType = sourcecode.swift; path = "UIView+Autolayout.swift"; sourceTree = "<group>"; };
		64BD45EC251C181800DF02DF /* NSLayoutAnchor+Autolayout.swift */ = {isa = PBXFileReference; lastKnownFileType = sourcecode.swift; path = "NSLayoutAnchor+Autolayout.swift"; sourceTree = "<group>"; };
		64BD45ED251C181800DF02DF /* NSLayoutDimension+Autolayout.swift */ = {isa = PBXFileReference; lastKnownFileType = sourcecode.swift; path = "NSLayoutDimension+Autolayout.swift"; sourceTree = "<group>"; };
		64BD45EE251C181800DF02DF /* NSLayoutConstraint+Autolayout.swift */ = {isa = PBXFileReference; lastKnownFileType = sourcecode.swift; path = "NSLayoutConstraint+Autolayout.swift"; sourceTree = "<group>"; };
		64BD45FE251C1A5400DF02DF /* Tweet.swift */ = {isa = PBXFileReference; lastKnownFileType = sourcecode.swift; path = Tweet.swift; sourceTree = "<group>"; };
		64BD4603251C1A9A00DF02DF /* User.swift */ = {isa = PBXFileReference; lastKnownFileType = sourcecode.swift; path = User.swift; sourceTree = "<group>"; };
		64BD4608251C1B2500DF02DF /* ModelLoader.swift */ = {isa = PBXFileReference; lastKnownFileType = sourcecode.swift; path = ModelLoader.swift; sourceTree = "<group>"; };
		64BD4613251C214800DF02DF /* ImageLoader.swift */ = {isa = PBXFileReference; lastKnownFileType = sourcecode.swift; path = ImageLoader.swift; sourceTree = "<group>"; };
/* End PBXFileReference section */

/* Begin PBXFrameworksBuildPhase section */
		641945F2251C0E360084115F /* Frameworks */ = {
			isa = PBXFrameworksBuildPhase;
			buildActionMask = 2147483647;
			files = (
			);
			runOnlyForDeploymentPostprocessing = 0;
		};
		64194608251C0E370084115F /* Frameworks */ = {
			isa = PBXFrameworksBuildPhase;
			buildActionMask = 2147483647;
			files = (
			);
			runOnlyForDeploymentPostprocessing = 0;
		};
		64194613251C0E370084115F /* Frameworks */ = {
			isa = PBXFrameworksBuildPhase;
			buildActionMask = 2147483647;
			files = (
			);
			runOnlyForDeploymentPostprocessing = 0;
		};
/* End PBXFrameworksBuildPhase section */

/* Begin PBXGroup section */
		641945EC251C0E360084115F = {
			isa = PBXGroup;
			children = (
				641945F7251C0E360084115F /* Twitter */,
				6419460E251C0E370084115F /* TwitterTests */,
				64194619251C0E370084115F /* TwitterUITests */,
				641945F6251C0E360084115F /* Products */,
			);
			sourceTree = "<group>";
		};
		641945F6251C0E360084115F /* Products */ = {
			isa = PBXGroup;
			children = (
				641945F5251C0E360084115F /* Twitter.app */,
				6419460B251C0E370084115F /* TwitterTests.xctest */,
				64194616251C0E370084115F /* TwitterUITests.xctest */,
			);
			name = Products;
			sourceTree = "<group>";
		};
		641945F7251C0E360084115F /* Twitter */ = {
			isa = PBXGroup;
			children = (
				641945F8251C0E360084115F /* AppDelegate.swift */,
				641945FA251C0E360084115F /* SceneDelegate.swift */,
				64194638251C14B80084115F /* RootViewController.swift */,
				64BD45FD251C1A4C00DF02DF /* Models */,
				64194642251C16410084115F /* Profile */,
				64BD45F9251C1A3D00DF02DF /* Auto layout */,
				64194640251C15FC0084115F /* Feed */,
				64194641251C16070084115F /* Utilities */,
				64194601251C0E370084115F /* Assets.xcassets */,
				64194603251C0E370084115F /* LaunchScreen.storyboard */,
				64194606251C0E370084115F /* Info.plist */,
			);
			path = Twitter;
			sourceTree = "<group>";
		};
		6419460E251C0E370084115F /* TwitterTests */ = {
			isa = PBXGroup;
			children = (
				6419460F251C0E370084115F /* TwitterTests.swift */,
				64194611251C0E370084115F /* Info.plist */,
			);
			path = TwitterTests;
			sourceTree = "<group>";
		};
		64194619251C0E370084115F /* TwitterUITests */ = {
			isa = PBXGroup;
			children = (
				6419461A251C0E370084115F /* TwitterUITests.swift */,
				6419461C251C0E370084115F /* Info.plist */,
			);
			path = TwitterUITests;
			sourceTree = "<group>";
		};
		64194640251C15FC0084115F /* Feed */ = {
			isa = PBXGroup;
			children = (
				641945FC251C0E360084115F /* FeedViewController.swift */,
				6419462E251C10F90084115F /* TweetCell.swift */,
			);
			path = Feed;
			sourceTree = "<group>";
		};
		64194641251C16070084115F /* Utilities */ = {
			isa = PBXGroup;
			children = (
				64194633251C13A50084115F /* RoundImageView.swift */,
			);
			path = Utilities;
			sourceTree = "<group>";
		};
		64194642251C16410084115F /* Profile */ = {
			isa = PBXGroup;
			children = (
				64194643251C164D0084115F /* ProfileViewController.swift */,
			);
			path = Profile;
			sourceTree = "<group>";
		};
		64BD45F9251C1A3D00DF02DF /* Auto layout */ = {
			isa = PBXGroup;
			children = (
				64BD45EC251C181800DF02DF /* NSLayoutAnchor+Autolayout.swift */,
				64BD45EE251C181800DF02DF /* NSLayoutConstraint+Autolayout.swift */,
				64BD45ED251C181800DF02DF /* NSLayoutDimension+Autolayout.swift */,
				64BD45EB251C181800DF02DF /* UIView+Autolayout.swift */,
			);
			path = "Auto layout";
			sourceTree = "<group>";
		};
		64BD45FD251C1A4C00DF02DF /* Models */ = {
			isa = PBXGroup;
			children = (
				64BD4608251C1B2500DF02DF /* ModelLoader.swift */,
				64BD4613251C214800DF02DF /* ImageLoader.swift */,
				64BD45FE251C1A5400DF02DF /* Tweet.swift */,
				64BD4603251C1A9A00DF02DF /* User.swift */,
			);
			path = Models;
			sourceTree = "<group>";
		};
/* End PBXGroup section */

/* Begin PBXNativeTarget section */
		641945F4251C0E360084115F /* Twitter */ = {
			isa = PBXNativeTarget;
			buildConfigurationList = 6419461F251C0E370084115F /* Build configuration list for PBXNativeTarget "Twitter" */;
			buildPhases = (
				641945F1251C0E360084115F /* Sources */,
				641945F2251C0E360084115F /* Frameworks */,
				641945F3251C0E360084115F /* Resources */,
			);
			buildRules = (
			);
			dependencies = (
			);
			name = Twitter;
			productName = Twitter;
			productReference = 641945F5251C0E360084115F /* Twitter.app */;
			productType = "com.apple.product-type.application";
		};
		6419460A251C0E370084115F /* TwitterTests */ = {
			isa = PBXNativeTarget;
			buildConfigurationList = 64194622251C0E370084115F /* Build configuration list for PBXNativeTarget "TwitterTests" */;
			buildPhases = (
				64194607251C0E370084115F /* Sources */,
				64194608251C0E370084115F /* Frameworks */,
				64194609251C0E370084115F /* Resources */,
			);
			buildRules = (
			);
			dependencies = (
				6419460D251C0E370084115F /* PBXTargetDependency */,
			);
			name = TwitterTests;
			productName = TwitterTests;
			productReference = 6419460B251C0E370084115F /* TwitterTests.xctest */;
			productType = "com.apple.product-type.bundle.unit-test";
		};
		64194615251C0E370084115F /* TwitterUITests */ = {
			isa = PBXNativeTarget;
			buildConfigurationList = 64194625251C0E370084115F /* Build configuration list for PBXNativeTarget "TwitterUITests" */;
			buildPhases = (
				64194612251C0E370084115F /* Sources */,
				64194613251C0E370084115F /* Frameworks */,
				64194614251C0E370084115F /* Resources */,
			);
			buildRules = (
			);
			dependencies = (
				64194618251C0E370084115F /* PBXTargetDependency */,
			);
			name = TwitterUITests;
			productName = TwitterUITests;
			productReference = 64194616251C0E370084115F /* TwitterUITests.xctest */;
			productType = "com.apple.product-type.bundle.ui-testing";
		};
/* End PBXNativeTarget section */

/* Begin PBXProject section */
		641945ED251C0E360084115F /* Project object */ = {
			isa = PBXProject;
			attributes = {
				LastSwiftUpdateCheck = 1200;
				LastUpgradeCheck = 1200;
				TargetAttributes = {
					641945F4251C0E360084115F = {
						CreatedOnToolsVersion = 12.0;
					};
					6419460A251C0E370084115F = {
						CreatedOnToolsVersion = 12.0;
						TestTargetID = 641945F4251C0E360084115F;
					};
					64194615251C0E370084115F = {
						CreatedOnToolsVersion = 12.0;
						TestTargetID = 641945F4251C0E360084115F;
					};
				};
			};
			buildConfigurationList = 641945F0251C0E360084115F /* Build configuration list for PBXProject "Twitter" */;
			compatibilityVersion = "Xcode 9.3";
			developmentRegion = en;
			hasScannedForEncodings = 0;
			knownRegions = (
				en,
				Base,
			);
			mainGroup = 641945EC251C0E360084115F;
			productRefGroup = 641945F6251C0E360084115F /* Products */;
			projectDirPath = "";
			projectRoot = "";
			targets = (
				641945F4251C0E360084115F /* Twitter */,
				6419460A251C0E370084115F /* TwitterTests */,
				64194615251C0E370084115F /* TwitterUITests */,
			);
		};
/* End PBXProject section */

/* Begin PBXResourcesBuildPhase section */
		641945F3251C0E360084115F /* Resources */ = {
			isa = PBXResourcesBuildPhase;
			buildActionMask = 2147483647;
			files = (
				64194605251C0E370084115F /* LaunchScreen.storyboard in Resources */,
				64194602251C0E370084115F /* Assets.xcassets in Resources */,
			);
			runOnlyForDeploymentPostprocessing = 0;
		};
		64194609251C0E370084115F /* Resources */ = {
			isa = PBXResourcesBuildPhase;
			buildActionMask = 2147483647;
			files = (
			);
			runOnlyForDeploymentPostprocessing = 0;
		};
		64194614251C0E370084115F /* Resources */ = {
			isa = PBXResourcesBuildPhase;
			buildActionMask = 2147483647;
			files = (
			);
			runOnlyForDeploymentPostprocessing = 0;
		};
/* End PBXResourcesBuildPhase section */

/* Begin PBXSourcesBuildPhase section */
		641945F1251C0E360084115F /* Sources */ = {
			isa = PBXSourcesBuildPhase;
			buildActionMask = 2147483647;
			files = (
				64BD4604251C1A9A00DF02DF /* User.swift in Sources */,
				64194634251C13A50084115F /* RoundImageView.swift in Sources */,
				64BD4614251C214800DF02DF /* ImageLoader.swift in Sources */,
				641945FD251C0E360084115F /* FeedViewController.swift in Sources */,
				64194639251C14B80084115F /* RootViewController.swift in Sources */,
				64BD45FF251C1A5400DF02DF /* Tweet.swift in Sources */,
				64BD45F0251C181800DF02DF /* NSLayoutAnchor+Autolayout.swift in Sources */,
				641945F9251C0E360084115F /* AppDelegate.swift in Sources */,
				64194644251C164D0084115F /* ProfileViewController.swift in Sources */,
				64BD45EF251C181800DF02DF /* UIView+Autolayout.swift in Sources */,
				641945FB251C0E360084115F /* SceneDelegate.swift in Sources */,
				64BD45F1251C181800DF02DF /* NSLayoutDimension+Autolayout.swift in Sources */,
				6419462F251C10F90084115F /* TweetCell.swift in Sources */,
				64BD4609251C1B2500DF02DF /* ModelLoader.swift in Sources */,
				64BD45F2251C181800DF02DF /* NSLayoutConstraint+Autolayout.swift in Sources */,
			);
			runOnlyForDeploymentPostprocessing = 0;
		};
		64194607251C0E370084115F /* Sources */ = {
			isa = PBXSourcesBuildPhase;
			buildActionMask = 2147483647;
			files = (
				64194610251C0E370084115F /* TwitterTests.swift in Sources */,
			);
			runOnlyForDeploymentPostprocessing = 0;
		};
		64194612251C0E370084115F /* Sources */ = {
			isa = PBXSourcesBuildPhase;
			buildActionMask = 2147483647;
			files = (
				6419461B251C0E370084115F /* TwitterUITests.swift in Sources */,
			);
			runOnlyForDeploymentPostprocessing = 0;
		};
/* End PBXSourcesBuildPhase section */

/* Begin PBXTargetDependency section */
		6419460D251C0E370084115F /* PBXTargetDependency */ = {
			isa = PBXTargetDependency;
			target = 641945F4251C0E360084115F /* Twitter */;
			targetProxy = 6419460C251C0E370084115F /* PBXContainerItemProxy */;
		};
		64194618251C0E370084115F /* PBXTargetDependency */ = {
			isa = PBXTargetDependency;
			target = 641945F4251C0E360084115F /* Twitter */;
			targetProxy = 64194617251C0E370084115F /* PBXContainerItemProxy */;
		};
/* End PBXTargetDependency section */

/* Begin PBXVariantGroup section */
		64194603251C0E370084115F /* LaunchScreen.storyboard */ = {
			isa = PBXVariantGroup;
			children = (
				64194604251C0E370084115F /* Base */,
			);
			name = LaunchScreen.storyboard;
			sourceTree = "<group>";
		};
/* End PBXVariantGroup section */

/* Begin XCBuildConfiguration section */
		6419461D251C0E370084115F /* Debug */ = {
			isa = XCBuildConfiguration;
			buildSettings = {
				ALWAYS_SEARCH_USER_PATHS = NO;
				CLANG_ANALYZER_NONNULL = YES;
				CLANG_ANALYZER_NUMBER_OBJECT_CONVERSION = YES_AGGRESSIVE;
				CLANG_CXX_LANGUAGE_STANDARD = "gnu++14";
				CLANG_CXX_LIBRARY = "libc++";
				CLANG_ENABLE_MODULES = YES;
				CLANG_ENABLE_OBJC_ARC = YES;
				CLANG_ENABLE_OBJC_WEAK = YES;
				CLANG_WARN_BLOCK_CAPTURE_AUTORELEASING = YES;
				CLANG_WARN_BOOL_CONVERSION = YES;
				CLANG_WARN_COMMA = YES;
				CLANG_WARN_CONSTANT_CONVERSION = YES;
				CLANG_WARN_DEPRECATED_OBJC_IMPLEMENTATIONS = YES;
				CLANG_WARN_DIRECT_OBJC_ISA_USAGE = YES_ERROR;
				CLANG_WARN_DOCUMENTATION_COMMENTS = YES;
				CLANG_WARN_EMPTY_BODY = YES;
				CLANG_WARN_ENUM_CONVERSION = YES;
				CLANG_WARN_INFINITE_RECURSION = YES;
				CLANG_WARN_INT_CONVERSION = YES;
				CLANG_WARN_NON_LITERAL_NULL_CONVERSION = YES;
				CLANG_WARN_OBJC_IMPLICIT_RETAIN_SELF = YES;
				CLANG_WARN_OBJC_LITERAL_CONVERSION = YES;
				CLANG_WARN_OBJC_ROOT_CLASS = YES_ERROR;
				CLANG_WARN_QUOTED_INCLUDE_IN_FRAMEWORK_HEADER = YES;
				CLANG_WARN_RANGE_LOOP_ANALYSIS = YES;
				CLANG_WARN_STRICT_PROTOTYPES = YES;
				CLANG_WARN_SUSPICIOUS_MOVE = YES;
				CLANG_WARN_UNGUARDED_AVAILABILITY = YES_AGGRESSIVE;
				CLANG_WARN_UNREACHABLE_CODE = YES;
				CLANG_WARN__DUPLICATE_METHOD_MATCH = YES;
				COPY_PHASE_STRIP = NO;
				DEBUG_INFORMATION_FORMAT = dwarf;
				ENABLE_STRICT_OBJC_MSGSEND = YES;
				ENABLE_TESTABILITY = YES;
				GCC_C_LANGUAGE_STANDARD = gnu11;
				GCC_DYNAMIC_NO_PIC = NO;
				GCC_NO_COMMON_BLOCKS = YES;
				GCC_OPTIMIZATION_LEVEL = 0;
				GCC_PREPROCESSOR_DEFINITIONS = (
					"DEBUG=1",
					"$(inherited)",
				);
				GCC_WARN_64_TO_32_BIT_CONVERSION = YES;
				GCC_WARN_ABOUT_RETURN_TYPE = YES_ERROR;
				GCC_WARN_UNDECLARED_SELECTOR = YES;
				GCC_WARN_UNINITIALIZED_AUTOS = YES_AGGRESSIVE;
				GCC_WARN_UNUSED_FUNCTION = YES;
				GCC_WARN_UNUSED_VARIABLE = YES;
				IPHONEOS_DEPLOYMENT_TARGET = 14.0;
				MTL_ENABLE_DEBUG_INFO = INCLUDE_SOURCE;
				MTL_FAST_MATH = YES;
				ONLY_ACTIVE_ARCH = YES;
				SDKROOT = iphoneos;
				SWIFT_ACTIVE_COMPILATION_CONDITIONS = DEBUG;
				SWIFT_OPTIMIZATION_LEVEL = "-Onone";
			};
			name = Debug;
		};
		6419461E251C0E370084115F /* Release */ = {
			isa = XCBuildConfiguration;
			buildSettings = {
				ALWAYS_SEARCH_USER_PATHS = NO;
				CLANG_ANALYZER_NONNULL = YES;
				CLANG_ANALYZER_NUMBER_OBJECT_CONVERSION = YES_AGGRESSIVE;
				CLANG_CXX_LANGUAGE_STANDARD = "gnu++14";
				CLANG_CXX_LIBRARY = "libc++";
				CLANG_ENABLE_MODULES = YES;
				CLANG_ENABLE_OBJC_ARC = YES;
				CLANG_ENABLE_OBJC_WEAK = YES;
				CLANG_WARN_BLOCK_CAPTURE_AUTORELEASING = YES;
				CLANG_WARN_BOOL_CONVERSION = YES;
				CLANG_WARN_COMMA = YES;
				CLANG_WARN_CONSTANT_CONVERSION = YES;
				CLANG_WARN_DEPRECATED_OBJC_IMPLEMENTATIONS = YES;
				CLANG_WARN_DIRECT_OBJC_ISA_USAGE = YES_ERROR;
				CLANG_WARN_DOCUMENTATION_COMMENTS = YES;
				CLANG_WARN_EMPTY_BODY = YES;
				CLANG_WARN_ENUM_CONVERSION = YES;
				CLANG_WARN_INFINITE_RECURSION = YES;
				CLANG_WARN_INT_CONVERSION = YES;
				CLANG_WARN_NON_LITERAL_NULL_CONVERSION = YES;
				CLANG_WARN_OBJC_IMPLICIT_RETAIN_SELF = YES;
				CLANG_WARN_OBJC_LITERAL_CONVERSION = YES;
				CLANG_WARN_OBJC_ROOT_CLASS = YES_ERROR;
				CLANG_WARN_QUOTED_INCLUDE_IN_FRAMEWORK_HEADER = YES;
				CLANG_WARN_RANGE_LOOP_ANALYSIS = YES;
				CLANG_WARN_STRICT_PROTOTYPES = YES;
				CLANG_WARN_SUSPICIOUS_MOVE = YES;
				CLANG_WARN_UNGUARDED_AVAILABILITY = YES_AGGRESSIVE;
				CLANG_WARN_UNREACHABLE_CODE = YES;
				CLANG_WARN__DUPLICATE_METHOD_MATCH = YES;
				COPY_PHASE_STRIP = NO;
				DEBUG_INFORMATION_FORMAT = "dwarf-with-dsym";
				ENABLE_NS_ASSERTIONS = NO;
				ENABLE_STRICT_OBJC_MSGSEND = YES;
				GCC_C_LANGUAGE_STANDARD = gnu11;
				GCC_NO_COMMON_BLOCKS = YES;
				GCC_WARN_64_TO_32_BIT_CONVERSION = YES;
				GCC_WARN_ABOUT_RETURN_TYPE = YES_ERROR;
				GCC_WARN_UNDECLARED_SELECTOR = YES;
				GCC_WARN_UNINITIALIZED_AUTOS = YES_AGGRESSIVE;
				GCC_WARN_UNUSED_FUNCTION = YES;
				GCC_WARN_UNUSED_VARIABLE = YES;
				IPHONEOS_DEPLOYMENT_TARGET = 14.0;
				MTL_ENABLE_DEBUG_INFO = NO;
				MTL_FAST_MATH = YES;
				SDKROOT = iphoneos;
				SWIFT_COMPILATION_MODE = wholemodule;
				SWIFT_OPTIMIZATION_LEVEL = "-O";
				VALIDATE_PRODUCT = YES;
			};
			name = Release;
		};
		64194620251C0E370084115F /* Debug */ = {
			isa = XCBuildConfiguration;
			buildSettings = {
				ASSETCATALOG_COMPILER_APPICON_NAME = AppIcon;
				ASSETCATALOG_COMPILER_GLOBAL_ACCENT_COLOR_NAME = AccentColor;
				CODE_SIGN_STYLE = Automatic;
				INFOPLIST_FILE = Twitter/Info.plist;
				LD_RUNPATH_SEARCH_PATHS = (
					"$(inherited)",
					"@executable_path/Frameworks",
				);
				PRODUCT_BUNDLE_IDENTIFIER = com.trunarla.Twitter;
				PRODUCT_NAME = "$(TARGET_NAME)";
				SWIFT_VERSION = 5.0;
				TARGETED_DEVICE_FAMILY = "1,2";
			};
			name = Debug;
		};
		64194621251C0E370084115F /* Release */ = {
			isa = XCBuildConfiguration;
			buildSettings = {
				ASSETCATALOG_COMPILER_APPICON_NAME = AppIcon;
				ASSETCATALOG_COMPILER_GLOBAL_ACCENT_COLOR_NAME = AccentColor;
				CODE_SIGN_STYLE = Automatic;
				INFOPLIST_FILE = Twitter/Info.plist;
				LD_RUNPATH_SEARCH_PATHS = (
					"$(inherited)",
					"@executable_path/Frameworks",
				);
				PRODUCT_BUNDLE_IDENTIFIER = com.trunarla.Twitter;
				PRODUCT_NAME = "$(TARGET_NAME)";
				SWIFT_VERSION = 5.0;
				TARGETED_DEVICE_FAMILY = "1,2";
			};
			name = Release;
		};
		64194623251C0E370084115F /* Debug */ = {
			isa = XCBuildConfiguration;
			buildSettings = {
				ALWAYS_EMBED_SWIFT_STANDARD_LIBRARIES = YES;
				BUNDLE_LOADER = "$(TEST_HOST)";
				CODE_SIGN_STYLE = Automatic;
				INFOPLIST_FILE = TwitterTests/Info.plist;
				IPHONEOS_DEPLOYMENT_TARGET = 14.0;
				LD_RUNPATH_SEARCH_PATHS = (
					"$(inherited)",
					"@executable_path/Frameworks",
					"@loader_path/Frameworks",
				);
				PRODUCT_BUNDLE_IDENTIFIER = com.trunarla.TwitterTests;
				PRODUCT_NAME = "$(TARGET_NAME)";
				SWIFT_VERSION = 5.0;
				TARGETED_DEVICE_FAMILY = "1,2";
				TEST_HOST = "$(BUILT_PRODUCTS_DIR)/Twitter.app/Twitter";
			};
			name = Debug;
		};
		64194624251C0E370084115F /* Release */ = {
			isa = XCBuildConfiguration;
			buildSettings = {
				ALWAYS_EMBED_SWIFT_STANDARD_LIBRARIES = YES;
				BUNDLE_LOADER = "$(TEST_HOST)";
				CODE_SIGN_STYLE = Automatic;
				INFOPLIST_FILE = TwitterTests/Info.plist;
				IPHONEOS_DEPLOYMENT_TARGET = 14.0;
				LD_RUNPATH_SEARCH_PATHS = (
					"$(inherited)",
					"@executable_path/Frameworks",
					"@loader_path/Frameworks",
				);
				PRODUCT_BUNDLE_IDENTIFIER = com.trunarla.TwitterTests;
				PRODUCT_NAME = "$(TARGET_NAME)";
				SWIFT_VERSION = 5.0;
				TARGETED_DEVICE_FAMILY = "1,2";
				TEST_HOST = "$(BUILT_PRODUCTS_DIR)/Twitter.app/Twitter";
			};
			name = Release;
		};
		64194626251C0E370084115F /* Debug */ = {
			isa = XCBuildConfiguration;
			buildSettings = {
				ALWAYS_EMBED_SWIFT_STANDARD_LIBRARIES = YES;
				CODE_SIGN_STYLE = Automatic;
				INFOPLIST_FILE = TwitterUITests/Info.plist;
				LD_RUNPATH_SEARCH_PATHS = (
					"$(inherited)",
					"@executable_path/Frameworks",
					"@loader_path/Frameworks",
				);
				PRODUCT_BUNDLE_IDENTIFIER = com.trunarla.TwitterUITests;
				PRODUCT_NAME = "$(TARGET_NAME)";
				SWIFT_VERSION = 5.0;
				TARGETED_DEVICE_FAMILY = "1,2";
				TEST_TARGET_NAME = Twitter;
			};
			name = Debug;
		};
		64194627251C0E370084115F /* Release */ = {
			isa = XCBuildConfiguration;
			buildSettings = {
				ALWAYS_EMBED_SWIFT_STANDARD_LIBRARIES = YES;
				CODE_SIGN_STYLE = Automatic;
				INFOPLIST_FILE = TwitterUITests/Info.plist;
				LD_RUNPATH_SEARCH_PATHS = (
					"$(inherited)",
					"@executable_path/Frameworks",
					"@loader_path/Frameworks",
				);
				PRODUCT_BUNDLE_IDENTIFIER = com.trunarla.TwitterUITests;
				PRODUCT_NAME = "$(TARGET_NAME)";
				SWIFT_VERSION = 5.0;
				TARGETED_DEVICE_FAMILY = "1,2";
				TEST_TARGET_NAME = Twitter;
			};
			name = Release;
		};
/* End XCBuildConfiguration section */

/* Begin XCConfigurationList section */
		641945F0251C0E360084115F /* Build configuration list for PBXProject "Twitter" */ = {
			isa = XCConfigurationList;
			buildConfigurations = (
				6419461D251C0E370084115F /* Debug */,
				6419461E251C0E370084115F /* Release */,
			);
			defaultConfigurationIsVisible = 0;
			defaultConfigurationName = Release;
		};
		6419461F251C0E370084115F /* Build configuration list for PBXNativeTarget "Twitter" */ = {
			isa = XCConfigurationList;
			buildConfigurations = (
				64194620251C0E370084115F /* Debug */,
				64194621251C0E370084115F /* Release */,
			);
			defaultConfigurationIsVisible = 0;
			defaultConfigurationName = Release;
		};
		64194622251C0E370084115F /* Build configuration list for PBXNativeTarget "TwitterTests" */ = {
			isa = XCConfigurationList;
			buildConfigurations = (
				64194623251C0E370084115F /* Debug */,
				64194624251C0E370084115F /* Release */,
			);
			defaultConfigurationIsVisible = 0;
			defaultConfigurationName = Release;
		};
		64194625251C0E370084115F /* Build configuration list for PBXNativeTarget "TwitterUITests" */ = {
			isa = XCConfigurationList;
			buildConfigurations = (
				64194626251C0E370084115F /* Debug */,
				64194627251C0E370084115F /* Release */,
			);
			defaultConfigurationIsVisible = 0;
			defaultConfigurationName = Release;
		};
/* End XCConfigurationList section */
	};
	rootObject = 641945ED251C0E360084115F /* Project object */;
}
